
Microsoft Visual Studio Solution File, Format Version 12.00
# Visual Studio Version 16
VisualStudioVersion = 16.0.30104.148
MinimumVisualStudioVersion = 10.0.40219.1
Project("{FAE04EC0-301F-11D3-BF4B-00C04F79EFBC}") = "SFA.DAS.EmployerIncentives.Functions", "SFA.DAS.EmployerIncentives.Functions\SFA.DAS.EmployerIncentives.Functions.csproj", "{B17D0E33-143B-4990-AA30-0895DF640166}"
EndProject
Global
	GlobalSection(SolutionConfigurationPlatforms) = preSolution
		Debug|Any CPU = Debug|Any CPU
		Release|Any CPU = Release|Any CPU
	EndGlobalSection
	GlobalSection(ProjectConfigurationPlatforms) = postSolution
		{B17D0E33-143B-4990-AA30-0895DF640166}.Debug|Any CPU.ActiveCfg = Debug|Any CPU
		{B17D0E33-143B-4990-AA30-0895DF640166}.Debug|Any CPU.Build.0 = Debug|Any CPU
		{B17D0E33-143B-4990-AA30-0895DF640166}.Release|Any CPU.ActiveCfg = Release|Any CPU
		{B17D0E33-143B-4990-AA30-0895DF640166}.Release|Any CPU.Build.0 = Release|Any CPU
	EndGlobalSection
	GlobalSection(SolutionProperties) = preSolution
		HideSolutionNode = FALSE
	EndGlobalSection
	GlobalSection(ExtensibilityGlobals) = postSolution
		SolutionGuid = {EF42D002-5CCF-4E5E-A235-8AFC74A94C69}
	EndGlobalSection
EndGlobal
